
Microsoft Visual Studio Solution File, Format Version 12.00
# Visual Studio Version 17
VisualStudioVersion = 17.0.31903.59
MinimumVisualStudioVersion = 10.0.40219.1
Project("{FAE04EC0-301F-11D3-BF4B-00C04F79EFBC}") = "NugetManagementReport.Tool", "NugetManagementReport.Tool\NugetManagementReport.Tool.csproj", "{C6019BFB-F253-42F2-B64A-A30529B5A50B}"
EndProject
Project("{FAE04EC0-301F-11D3-BF4B-00C04F79EFBC}") = "NugetManagementReport.Domain", "NugetManagementReport.Domain\NugetManagementReport.Domain.csproj", "{388B27B4-5444-4605-8731-6B7C7D7ED22A}"
EndProject
Project("{FAE04EC0-301F-11D3-BF4B-00C04F79EFBC}") = "NugetManagementReport.Infrastructure", "NugetManagementReport.Infrastructure\NugetManagementReport.Infrastructure.csproj", "{19E669DC-8A9F-4463-9088-FE7D453FDABA}"
EndProject
Project("{FAE04EC0-301F-11D3-BF4B-00C04F79EFBC}") = "NugetManagementReport.Test", "NugetManagementReport.Test\NugetManagementReport.Test.csproj", "{A90823C1-E34A-4038-9B02-500AB2C20C33}"
EndProject
Project("{FAE04EC0-301F-11D3-BF4B-00C04F79EFBC}") = "NugetManagementReport.Abstractions", "NugetManagementReport.Abstractions\NugetManagementReport.Abstractions.csproj", "{DC14B72B-D72F-483A-A1E8-7D4BB3765845}"
EndProject
Global
	GlobalSection(SolutionConfigurationPlatforms) = preSolution
		Debug|Any CPU = Debug|Any CPU
		Release|Any CPU = Release|Any CPU
	EndGlobalSection
	GlobalSection(ProjectConfigurationPlatforms) = postSolution
		{C6019BFB-F253-42F2-B64A-A30529B5A50B}.Debug|Any CPU.ActiveCfg = Debug|Any CPU
		{C6019BFB-F253-42F2-B64A-A30529B5A50B}.Debug|Any CPU.Build.0 = Debug|Any CPU
		{C6019BFB-F253-42F2-B64A-A30529B5A50B}.Release|Any CPU.ActiveCfg = Release|Any CPU
		{C6019BFB-F253-42F2-B64A-A30529B5A50B}.Release|Any CPU.Build.0 = Release|Any CPU
		{388B27B4-5444-4605-8731-6B7C7D7ED22A}.Debug|Any CPU.ActiveCfg = Debug|Any CPU
		{388B27B4-5444-4605-8731-6B7C7D7ED22A}.Debug|Any CPU.Build.0 = Debug|Any CPU
		{388B27B4-5444-4605-8731-6B7C7D7ED22A}.Release|Any CPU.ActiveCfg = Release|Any CPU
		{388B27B4-5444-4605-8731-6B7C7D7ED22A}.Release|Any CPU.Build.0 = Release|Any CPU
		{19E669DC-8A9F-4463-9088-FE7D453FDABA}.Debug|Any CPU.ActiveCfg = Debug|Any CPU
		{19E669DC-8A9F-4463-9088-FE7D453FDABA}.Debug|Any CPU.Build.0 = Debug|Any CPU
		{19E669DC-8A9F-4463-9088-FE7D453FDABA}.Release|Any CPU.ActiveCfg = Release|Any CPU
		{19E669DC-8A9F-4463-9088-FE7D453FDABA}.Release|Any CPU.Build.0 = Release|Any CPU
		{A90823C1-E34A-4038-9B02-500AB2C20C33}.Debug|Any CPU.ActiveCfg = Debug|Any CPU
		{A90823C1-E34A-4038-9B02-500AB2C20C33}.Debug|Any CPU.Build.0 = Debug|Any CPU
		{A90823C1-E34A-4038-9B02-500AB2C20C33}.Release|Any CPU.ActiveCfg = Release|Any CPU
		{A90823C1-E34A-4038-9B02-500AB2C20C33}.Release|Any CPU.Build.0 = Release|Any CPU
		{DC14B72B-D72F-483A-A1E8-7D4BB3765845}.Debug|Any CPU.ActiveCfg = Debug|Any CPU
		{DC14B72B-D72F-483A-A1E8-7D4BB3765845}.Debug|Any CPU.Build.0 = Debug|Any CPU
		{DC14B72B-D72F-483A-A1E8-7D4BB3765845}.Release|Any CPU.ActiveCfg = Release|Any CPU
		{DC14B72B-D72F-483A-A1E8-7D4BB3765845}.Release|Any CPU.Build.0 = Release|Any CPU
	EndGlobalSection
	GlobalSection(SolutionProperties) = preSolution
		HideSolutionNode = FALSE
	EndGlobalSection
	GlobalSection(ExtensibilityGlobals) = postSolution
		SolutionGuid = {76F0C296-9391-4C2C-B466-362F15F409F6}
	EndGlobalSection
EndGlobal
